
Microsoft Visual Studio Solution File, Format Version 12.00
# Visual Studio 15
VisualStudioVersion = 15.0.26124.0
MinimumVisualStudioVersion = 15.0.26124.0
Project("{FAE04EC0-301F-11D3-BF4B-00C04F79EFBC}") = "alcdel", "alcdel\alcdel.csproj", "{1346824E-42CD-49F4-A829-11FC8ECE0D96}"
EndProject
Project("{FAE04EC0-301F-11D3-BF4B-00C04F79EFBC}") = "lib", "lib\lib.csproj", "{3F76C447-2D26-4649-A4E7-2C1B454AD3D0}"
EndProject
Project("{FAE04EC0-301F-11D3-BF4B-00C04F79EFBC}") = "lib2", "lib2\lib2.csproj", "{6B82AA78-7177-4F25-B1D1-B8F178A5BFBE}"
EndProject
Global
	GlobalSection(SolutionConfigurationPlatforms) = preSolution
		Debug|Any CPU = Debug|Any CPU
		Debug|x64 = Debug|x64
		Debug|x86 = Debug|x86
		Release|Any CPU = Release|Any CPU
		Release|x64 = Release|x64
		Release|x86 = Release|x86
	EndGlobalSection
	GlobalSection(SolutionProperties) = preSolution
		HideSolutionNode = FALSE
	EndGlobalSection
	GlobalSection(ProjectConfigurationPlatforms) = postSolution
		{1346824E-42CD-49F4-A829-11FC8ECE0D96}.Debug|Any CPU.ActiveCfg = Debug|Any CPU
		{1346824E-42CD-49F4-A829-11FC8ECE0D96}.Debug|Any CPU.Build.0 = Debug|Any CPU
		{1346824E-42CD-49F4-A829-11FC8ECE0D96}.Debug|x64.ActiveCfg = Debug|Any CPU
		{1346824E-42CD-49F4-A829-11FC8ECE0D96}.Debug|x64.Build.0 = Debug|Any CPU
		{1346824E-42CD-49F4-A829-11FC8ECE0D96}.Debug|x86.ActiveCfg = Debug|Any CPU
		{1346824E-42CD-49F4-A829-11FC8ECE0D96}.Debug|x86.Build.0 = Debug|Any CPU
		{1346824E-42CD-49F4-A829-11FC8ECE0D96}.Release|Any CPU.ActiveCfg = Release|Any CPU
		{1346824E-42CD-49F4-A829-11FC8ECE0D96}.Release|Any CPU.Build.0 = Release|Any CPU
		{1346824E-42CD-49F4-A829-11FC8ECE0D96}.Release|x64.ActiveCfg = Release|Any CPU
		{1346824E-42CD-49F4-A829-11FC8ECE0D96}.Release|x64.Build.0 = Release|Any CPU
		{1346824E-42CD-49F4-A829-11FC8ECE0D96}.Release|x86.ActiveCfg = Release|Any CPU
		{1346824E-42CD-49F4-A829-11FC8ECE0D96}.Release|x86.Build.0 = Release|Any CPU
		{3F76C447-2D26-4649-A4E7-2C1B454AD3D0}.Debug|Any CPU.ActiveCfg = Debug|Any CPU
		{3F76C447-2D26-4649-A4E7-2C1B454AD3D0}.Debug|Any CPU.Build.0 = Debug|Any CPU
		{3F76C447-2D26-4649-A4E7-2C1B454AD3D0}.Debug|x64.ActiveCfg = Debug|Any CPU
		{3F76C447-2D26-4649-A4E7-2C1B454AD3D0}.Debug|x64.Build.0 = Debug|Any CPU
		{3F76C447-2D26-4649-A4E7-2C1B454AD3D0}.Debug|x86.ActiveCfg = Debug|Any CPU
		{3F76C447-2D26-4649-A4E7-2C1B454AD3D0}.Debug|x86.Build.0 = Debug|Any CPU
		{3F76C447-2D26-4649-A4E7-2C1B454AD3D0}.Release|Any CPU.ActiveCfg = Release|Any CPU
		{3F76C447-2D26-4649-A4E7-2C1B454AD3D0}.Release|Any CPU.Build.0 = Release|Any CPU
		{3F76C447-2D26-4649-A4E7-2C1B454AD3D0}.Release|x64.ActiveCfg = Release|Any CPU
		{3F76C447-2D26-4649-A4E7-2C1B454AD3D0}.Release|x64.Build.0 = Release|Any CPU
		{3F76C447-2D26-4649-A4E7-2C1B454AD3D0}.Release|x86.ActiveCfg = Release|Any CPU
		{3F76C447-2D26-4649-A4E7-2C1B454AD3D0}.Release|x86.Build.0 = Release|Any CPU
		{6B82AA78-7177-4F25-B1D1-B8F178A5BFBE}.Debug|Any CPU.ActiveCfg = Debug|Any CPU
		{6B82AA78-7177-4F25-B1D1-B8F178A5BFBE}.Debug|Any CPU.Build.0 = Debug|Any CPU
		{6B82AA78-7177-4F25-B1D1-B8F178A5BFBE}.Debug|x64.ActiveCfg = Debug|Any CPU
		{6B82AA78-7177-4F25-B1D1-B8F178A5BFBE}.Debug|x64.Build.0 = Debug|Any CPU
		{6B82AA78-7177-4F25-B1D1-B8F178A5BFBE}.Debug|x86.ActiveCfg = Debug|Any CPU
		{6B82AA78-7177-4F25-B1D1-B8F178A5BFBE}.Debug|x86.Build.0 = Debug|Any CPU
		{6B82AA78-7177-4F25-B1D1-B8F178A5BFBE}.Release|Any CPU.ActiveCfg = Release|Any CPU
		{6B82AA78-7177-4F25-B1D1-B8F178A5BFBE}.Release|Any CPU.Build.0 = Release|Any CPU
		{6B82AA78-7177-4F25-B1D1-B8F178A5BFBE}.Release|x64.ActiveCfg = Release|Any CPU
		{6B82AA78-7177-4F25-B1D1-B8F178A5BFBE}.Release|x64.Build.0 = Release|Any CPU
		{6B82AA78-7177-4F25-B1D1-B8F178A5BFBE}.Release|x86.ActiveCfg = Release|Any CPU
		{6B82AA78-7177-4F25-B1D1-B8F178A5BFBE}.Release|x86.Build.0 = Release|Any CPU
	EndGlobalSection
EndGlobal
